
Microsoft Visual Studio Solution File, Format Version 12.00
# Visual Studio Version 17
VisualStudioVersion = 17.2.32602.215
MinimumVisualStudioVersion = 10.0.40219.1
Project("{FAE04EC0-301F-11D3-BF4B-00C04F79EFBC}") = "WebLogin", "WebLogin.csproj", "{34079D0C-A392-4AF8-B407-291341B09F09}"
EndProject
Global
	GlobalSection(SolutionConfigurationPlatforms) = preSolution
		Debug|Any CPU = Debug|Any CPU
		Release|Any CPU = Release|Any CPU
	EndGlobalSection
	GlobalSection(ProjectConfigurationPlatforms) = postSolution
		{34079D0C-A392-4AF8-B407-291341B09F09}.Debug|Any CPU.ActiveCfg = Debug|Any CPU
		{34079D0C-A392-4AF8-B407-291341B09F09}.Debug|Any CPU.Build.0 = Debug|Any CPU
		{34079D0C-A392-4AF8-B407-291341B09F09}.Release|Any CPU.ActiveCfg = Release|Any CPU
		{34079D0C-A392-4AF8-B407-291341B09F09}.Release|Any CPU.Build.0 = Release|Any CPU
	EndGlobalSection
	GlobalSection(SolutionProperties) = preSolution
		HideSolutionNode = FALSE
	EndGlobalSection
	GlobalSection(ExtensibilityGlobals) = postSolution
		SolutionGuid = {46918461-2F97-40D1-915F-A86AB1F78697}
	EndGlobalSection
EndGlobal
